
Microsoft Visual Studio Solution File, Format Version 12.00
# Visual Studio Version 16
VisualStudioVersion = 16.0.32228.343
MinimumVisualStudioVersion = 10.0.40219.1
Project("{FAE04EC0-301F-11D3-BF4B-00C04F79EFBC}") = "VCSAutoMokymai", "VCSAutoMokymai\VCSAutoMokymai.csproj", "{DCA97D31-39C9-47D2-9B0A-F41C3E5054EB}"
EndProject
Global
	GlobalSection(SolutionConfigurationPlatforms) = preSolution
		Debug|Any CPU = Debug|Any CPU
		Release|Any CPU = Release|Any CPU
	EndGlobalSection
	GlobalSection(ProjectConfigurationPlatforms) = postSolution
		{DCA97D31-39C9-47D2-9B0A-F41C3E5054EB}.Debug|Any CPU.ActiveCfg = Debug|Any CPU
		{DCA97D31-39C9-47D2-9B0A-F41C3E5054EB}.Debug|Any CPU.Build.0 = Debug|Any CPU
		{DCA97D31-39C9-47D2-9B0A-F41C3E5054EB}.Release|Any CPU.ActiveCfg = Release|Any CPU
		{DCA97D31-39C9-47D2-9B0A-F41C3E5054EB}.Release|Any CPU.Build.0 = Release|Any CPU
	EndGlobalSection
	GlobalSection(SolutionProperties) = preSolution
		HideSolutionNode = FALSE
	EndGlobalSection
	GlobalSection(ExtensibilityGlobals) = postSolution
		SolutionGuid = {D37BE37D-5B8A-4D33-815D-D0338B461EDC}
	EndGlobalSection
EndGlobal
